# THIS IS AN AUTOGENERATED FILE. DO NOT EDIT THIS FILE DIRECTLY.
# yarn lockfile v1


chrome-types@^0.1.154:
  version "0.1.154"
  resolved "https://registry.yarnpkg.com/chrome-types/-/chrome-types-0.1.154.tgz#c4f2065acc15dbebfeffbbea402a2a97be4e0b88"
  integrity sha512-B0NUEJS0gPH25nmJDFdDSmGlRvxQwfAIgOdTrxr4jrEBLbjoLJy3dDU0J18WK81iE1Y6ZpG1wsvZcO3YYzv+Xg==
